
Microsoft Visual Studio Solution File, Format Version 12.00
# Visual Studio 2013
VisualStudioVersion = 12.0.40629.0
MinimumVisualStudioVersion = 10.0.40219.1
Project("{FAE04EC0-301F-11D3-BF4B-00C04F79EFBC}") = "TestWindowsFormsApplication", "WindowsFormsApplication1\TestWindowsFormsApplication.csproj", "{56101745-44F4-4DC5-9EE5-59502795A771}"
EndProject
Project("{FAE04EC0-301F-11D3-BF4B-00C04F79EFBC}") = "DB WorkEntity", "DB WorkEntity\DB WorkEntity.csproj", "{A62550B8-09C0-4E0E-9C87-EFD286116AAD}"
EndProject
Project("{FAE04EC0-301F-11D3-BF4B-00C04F79EFBC}") = "ClassLibraryBL", "ClassLibraryBL\ClassLibraryBL.csproj", "{EEA9170B-AC46-43F4-BC52-D5FE079385FA}"
EndProject
Project("{FAE04EC0-301F-11D3-BF4B-00C04F79EFBC}") = "Domain", "Domain\Domain.csproj", "{59D152D8-1496-4773-8749-BBF6B4B61F2F}"
EndProject
Project("{FAE04EC0-301F-11D3-BF4B-00C04F79EFBC}") = "ClassLibraryBLTests", "ClassLibraryBLTests\ClassLibraryBLTests.csproj", "{FB93881B-31F0-449B-B0C6-4E110D116FE1}"
	ProjectSection(ProjectDependencies) = postProject
		{EEA9170B-AC46-43F4-BC52-D5FE079385FA} = {EEA9170B-AC46-43F4-BC52-D5FE079385FA}
	EndProjectSection
EndProject
Global
	GlobalSection(SolutionConfigurationPlatforms) = preSolution
		Debug|Any CPU = Debug|Any CPU
		Release|Any CPU = Release|Any CPU
	EndGlobalSection
	GlobalSection(ProjectConfigurationPlatforms) = postSolution
		{56101745-44F4-4DC5-9EE5-59502795A771}.Debug|Any CPU.ActiveCfg = Debug|Any CPU
		{56101745-44F4-4DC5-9EE5-59502795A771}.Debug|Any CPU.Build.0 = Debug|Any CPU
		{56101745-44F4-4DC5-9EE5-59502795A771}.Release|Any CPU.ActiveCfg = Release|Any CPU
		{56101745-44F4-4DC5-9EE5-59502795A771}.Release|Any CPU.Build.0 = Release|Any CPU
		{A62550B8-09C0-4E0E-9C87-EFD286116AAD}.Debug|Any CPU.ActiveCfg = Debug|Any CPU
		{A62550B8-09C0-4E0E-9C87-EFD286116AAD}.Debug|Any CPU.Build.0 = Debug|Any CPU
		{A62550B8-09C0-4E0E-9C87-EFD286116AAD}.Release|Any CPU.ActiveCfg = Release|Any CPU
		{A62550B8-09C0-4E0E-9C87-EFD286116AAD}.Release|Any CPU.Build.0 = Release|Any CPU
		{EEA9170B-AC46-43F4-BC52-D5FE079385FA}.Debug|Any CPU.ActiveCfg = Debug|Any CPU
		{EEA9170B-AC46-43F4-BC52-D5FE079385FA}.Debug|Any CPU.Build.0 = Debug|Any CPU
		{EEA9170B-AC46-43F4-BC52-D5FE079385FA}.Release|Any CPU.ActiveCfg = Release|Any CPU
		{EEA9170B-AC46-43F4-BC52-D5FE079385FA}.Release|Any CPU.Build.0 = Release|Any CPU
		{59D152D8-1496-4773-8749-BBF6B4B61F2F}.Debug|Any CPU.ActiveCfg = Debug|Any CPU
		{59D152D8-1496-4773-8749-BBF6B4B61F2F}.Debug|Any CPU.Build.0 = Debug|Any CPU
		{59D152D8-1496-4773-8749-BBF6B4B61F2F}.Release|Any CPU.ActiveCfg = Release|Any CPU
		{59D152D8-1496-4773-8749-BBF6B4B61F2F}.Release|Any CPU.Build.0 = Release|Any CPU
		{FB93881B-31F0-449B-B0C6-4E110D116FE1}.Debug|Any CPU.ActiveCfg = Debug|Any CPU
		{FB93881B-31F0-449B-B0C6-4E110D116FE1}.Debug|Any CPU.Build.0 = Debug|Any CPU
		{FB93881B-31F0-449B-B0C6-4E110D116FE1}.Release|Any CPU.ActiveCfg = Release|Any CPU
		{FB93881B-31F0-449B-B0C6-4E110D116FE1}.Release|Any CPU.Build.0 = Release|Any CPU
	EndGlobalSection
	GlobalSection(SolutionProperties) = preSolution
		HideSolutionNode = FALSE
	EndGlobalSection
EndGlobal
